
Microsoft Visual Studio Solution File, Format Version 12.00
# Visual Studio 15
VisualStudioVersion = 15.0.28307.421
MinimumVisualStudioVersion = 10.0.40219.1
Project("{FAE04EC0-301F-11D3-BF4B-00C04F79EFBC}") = "DataMapper", "DataMapper\DataMapper.csproj", "{7FCC9F46-2358-4615-815F-281FDC270E92}"
EndProject
Project("{FAE04EC0-301F-11D3-BF4B-00C04F79EFBC}") = "DataMapperPerformanceExec", "DataMapperPerformanceExec\DataMapperPerformanceExec.csproj", "{430A91B2-C0F1-4032-95D1-DECA0CCE3751}"
EndProject
Global
	GlobalSection(SolutionConfigurationPlatforms) = preSolution
		Debug|Any CPU = Debug|Any CPU
		Release|Any CPU = Release|Any CPU
	EndGlobalSection
	GlobalSection(ProjectConfigurationPlatforms) = postSolution
		{7FCC9F46-2358-4615-815F-281FDC270E92}.Debug|Any CPU.ActiveCfg = Debug|Any CPU
		{7FCC9F46-2358-4615-815F-281FDC270E92}.Debug|Any CPU.Build.0 = Debug|Any CPU
		{7FCC9F46-2358-4615-815F-281FDC270E92}.Release|Any CPU.ActiveCfg = Release|Any CPU
		{7FCC9F46-2358-4615-815F-281FDC270E92}.Release|Any CPU.Build.0 = Release|Any CPU
		{430A91B2-C0F1-4032-95D1-DECA0CCE3751}.Debug|Any CPU.ActiveCfg = Debug|Any CPU
		{430A91B2-C0F1-4032-95D1-DECA0CCE3751}.Debug|Any CPU.Build.0 = Debug|Any CPU
		{430A91B2-C0F1-4032-95D1-DECA0CCE3751}.Release|Any CPU.ActiveCfg = Release|Any CPU
		{430A91B2-C0F1-4032-95D1-DECA0CCE3751}.Release|Any CPU.Build.0 = Release|Any CPU
	EndGlobalSection
	GlobalSection(SolutionProperties) = preSolution
		HideSolutionNode = FALSE
	EndGlobalSection
	GlobalSection(ExtensibilityGlobals) = postSolution
		SolutionGuid = {D5B4D825-C8FC-497C-9C54-3B529FC814E8}
	EndGlobalSection
EndGlobal
